
Microsoft Visual Studio Solution File, Format Version 12.00
# Visual Studio 2013
VisualStudioVersion = 12.0.31101.0
MinimumVisualStudioVersion = 10.0.40219.1
Project("{FAE04EC0-301F-11D3-BF4B-00C04F79EFBC}") = "tipCal.Core", "tipCal.Core\tipCal.Core.csproj", "{927E6CCA-9BA6-40B8-99DA-7A080CA9FA4E}"
EndProject
Global
	GlobalSection(SolutionConfigurationPlatforms) = preSolution
		Debug|Any CPU = Debug|Any CPU
		Release|Any CPU = Release|Any CPU
	EndGlobalSection
	GlobalSection(ProjectConfigurationPlatforms) = postSolution
		{927E6CCA-9BA6-40B8-99DA-7A080CA9FA4E}.Debug|Any CPU.ActiveCfg = Debug|Any CPU
		{927E6CCA-9BA6-40B8-99DA-7A080CA9FA4E}.Debug|Any CPU.Build.0 = Debug|Any CPU
		{927E6CCA-9BA6-40B8-99DA-7A080CA9FA4E}.Release|Any CPU.ActiveCfg = Release|Any CPU
		{927E6CCA-9BA6-40B8-99DA-7A080CA9FA4E}.Release|Any CPU.Build.0 = Release|Any CPU
	EndGlobalSection
	GlobalSection(SolutionProperties) = preSolution
		HideSolutionNode = FALSE
	EndGlobalSection
EndGlobal
